// !$*UTF8*$!
{
	archiveVersion = 1;
	classes = {
	};
	objectVersion = 77;
	objects = {

/* Begin PBXBuildFile section */
		1D0F3EC12F0D42C5002B6F25 /* TrackView.swift in Sources */ = {isa = PBXBuildFile; fileRef = 1D0F3EC02F0D42C4002B6F25 /* TrackView.swift */; };
		1D0F3EC32F0D42CA002B6F25 /* GoalsView.swift in Sources */ = {isa = PBXBuildFile; fileRef = 1D0F3EC22F0D42CA002B6F25 /* GoalsView.swift */; };
		1D0F3ED32F0DB807002B6F25 /* QuotesLong.swift in Sources */ = {isa = PBXBuildFile; fileRef = 1D0F3ED22F0DB807002B6F25 /* QuotesLong.swift */; };
		1D4803692EFA14820063C486 /* FirebaseAnalytics in Frameworks */ = {isa = PBXBuildFile; productRef = 1D4803682EFA14820063C486 /* FirebaseAnalytics */; };
		1D48036B2EFA14820063C486 /* FirebaseCrashlytics in Frameworks */ = {isa = PBXBuildFile; productRef = 1D48036A2EFA14820063C486 /* FirebaseCrashlytics */; };
		1D4BD70E2F08294C00F44D07 /* Lottie in Frameworks */ = {isa = PBXBuildFile; productRef = 1D4BD70D2F08294C00F44D07 /* Lottie */; };
		1D514E222F0C4A9D008A7B78 /* ChallengesView.swift in Sources */ = {isa = PBXBuildFile; fileRef = 1D514E212F0C4A9D008A7B78 /* ChallengesView.swift */; };
		1D7971BD2F06AF1500912FFA /* WistomSourses.swift in Sources */ = {isa = PBXBuildFile; fileRef = 1D7971BC2F06AF0300912FFA /* WistomSourses.swift */; };
		1D7CC64B2F014CC400FAD66D /* QuoteLibrary.swift in Sources */ = {isa = PBXBuildFile; fileRef = 1D7CC6482F014CC300FAD66D /* QuoteLibrary.swift */; };
		1D7CC64C2F014CC400FAD66D /* Quotes365.swift in Sources */ = {isa = PBXBuildFile; fileRef = 1D7CC6492F014CC300FAD66D /* Quotes365.swift */; };
		1D7CC64D2F014CC400FAD66D /* MotivationApp.swift in Sources */ = {isa = PBXBuildFile; fileRef = 1D7CC6462F014CC300FAD66D /* MotivationApp.swift */; };
		1D7CC64E2F014CC400FAD66D /* AudioManager.swift in Sources */ = {isa = PBXBuildFile; fileRef = 1D7CC63D2F014CC300FAD66D /* AudioManager.swift */; };
		1D7CC64F2F014CC400FAD66D /* ContentView.swift in Sources */ = {isa = PBXBuildFile; fileRef = 1D7CC63F2F014CC300FAD66D /* ContentView.swift */; };
		1D7CC6502F014CC400FAD66D /* HouseSettingsPage.swift in Sources */ = {isa = PBXBuildFile; fileRef = 1D7CC6412F014CC300FAD66D /* HouseSettingsPage.swift */; };
		1D7CC6512F014CC400FAD66D /* NotifManager.swift in Sources */ = {isa = PBXBuildFile; fileRef = 1D7CC6472F014CC300FAD66D /* NotifManager.swift */; };
		1D7CC6522F014CC400FAD66D /* HouseMenu.swift in Sources */ = {isa = PBXBuildFile; fileRef = 1D7CC6402F014CC300FAD66D /* HouseMenu.swift */; };
		1D7CC6562F014CC400FAD66D /* Localizable.strings in Resources */ = {isa = PBXBuildFile; fileRef = 1D7CC6452F014CC300FAD66D /* Localizable.strings */; };
		1D9FEFBC2F01A442009C6612 /* FirebaseCore in Frameworks */ = {isa = PBXBuildFile; productRef = 1D9FEFBB2F01A442009C6612 /* FirebaseCore */; };
		1D9FEFBE2F01A4BE009C6612 /* FirebaseMessaging in Frameworks */ = {isa = PBXBuildFile; productRef = 1D9FEFBD2F01A4BE009C6612 /* FirebaseMessaging */; };
		1D9FEFC02F01A4CE009C6612 /* FirebaseAppCheck in Frameworks */ = {isa = PBXBuildFile; productRef = 1D9FEFBF2F01A4CE009C6612 /* FirebaseAppCheck */; };
		1DC0AEC32F0842DF00790DED /* TestScreen.swift in Sources */ = {isa = PBXBuildFile; fileRef = 1DC0AEC22F0842DF00790DED /* TestScreen.swift */; };
		1DFA7C1D2F0415BE00A1D6E5 /* ExportOptions.plist in Resources */ = {isa = PBXBuildFile; fileRef = 1DFA7C1C2F0415BE00A1D6E5 /* ExportOptions.plist */; };
		1DFA7C1F2F04194C00A1D6E5 /* build_final.sh in Sources */ = {isa = PBXBuildFile; fileRef = 1DFA7C1E2F04193900A1D6E5 /* build_final.sh */; };
		1DFA7C212F041F9600A1D6E5 /* Motivation.entitlements in Sources */ = {isa = PBXBuildFile; fileRef = 1DFA7C202F041F9600A1D6E5 /* Motivation.entitlements */; };
		1DFA7C222F041F9600A1D6E5 /* Motivation.entitlements in Sources */ = {isa = PBXBuildFile; fileRef = 1DFA7C202F041F9600A1D6E5 /* Motivation.entitlements */; };
		1DFA7C242F0425F800A1D6E5 /* PrivacyInfo.xcprivacy in Resources */ = {isa = PBXBuildFile; fileRef = 1DFA7C232F0425F700A1D6E5 /* PrivacyInfo.xcprivacy */; };
/* End PBXBuildFile section */

/* Begin PBXContainerItemProxy section */
		1D6E58292E919F1B00E6B841 /* PBXContainerItemProxy */ = {
			isa = PBXContainerItemProxy;
			containerPortal = 1D6E58132E919F1900E6B841 /* Project object */;
			proxyType = 1;
			remoteGlobalIDString = 1D6E581A2E919F1900E6B841;
			remoteInfo = Motivation;
		};
		1D6E58332E919F1B00E6B841 /* PBXContainerItemProxy */ = {
			isa = PBXContainerItemProxy;
			containerPortal = 1D6E58132E919F1900E6B841 /* Project object */;
			proxyType = 1;
			remoteGlobalIDString = 1D6E581A2E919F1900E6B841;
			remoteInfo = Motivation;
		};
/* End PBXContainerItemProxy section */

/* Begin PBXFileReference section */
		1D0F3EC02F0D42C4002B6F25 /* TrackView.swift */ = {isa = PBXFileReference; lastKnownFileType = sourcecode.swift; path = TrackView.swift; sourceTree = "<group>"; };
		1D0F3EC22F0D42CA002B6F25 /* GoalsView.swift */ = {isa = PBXFileReference; lastKnownFileType = sourcecode.swift; path = GoalsView.swift; sourceTree = "<group>"; };
		1D0F3ED22F0DB807002B6F25 /* QuotesLong.swift */ = {isa = PBXFileReference; lastKnownFileType = sourcecode.swift; path = QuotesLong.swift; sourceTree = "<group>"; };
		1D514E212F0C4A9D008A7B78 /* ChallengesView.swift */ = {isa = PBXFileReference; lastKnownFileType = sourcecode.swift; path = ChallengesView.swift; sourceTree = "<group>"; };
		1D6E581B2E919F1900E6B841 /* Motivation.app */ = {isa = PBXFileReference; explicitFileType = wrapper.application; includeInIndex = 0; path = Motivation.app; sourceTree = BUILT_PRODUCTS_DIR; };
		1D6E58282E919F1B00E6B841 /* MotivationTests.xctest */ = {isa = PBXFileReference; explicitFileType = wrapper.cfbundle; includeInIndex = 0; path = MotivationTests.xctest; sourceTree = BUILT_PRODUCTS_DIR; };
		1D6E58322E919F1B00E6B841 /* MotivationUITests.xctest */ = {isa = PBXFileReference; explicitFileType = wrapper.cfbundle; includeInIndex = 0; path = MotivationUITests.xctest; sourceTree = BUILT_PRODUCTS_DIR; };
		1D7971BB2F06905B00912FFA /* fr */ = {isa = PBXFileReference; lastKnownFileType = text.plist.strings; name = fr; path = fr.lproj/Localizable.strings; sourceTree = "<group>"; };
		1D7971BC2F06AF0300912FFA /* WistomSourses.swift */ = {isa = PBXFileReference; lastKnownFileType = sourcecode.swift; path = WistomSourses.swift; sourceTree = "<group>"; };
		1D7CC63D2F014CC300FAD66D /* AudioManager.swift */ = {isa = PBXFileReference; lastKnownFileType = sourcecode.swift; path = AudioManager.swift; sourceTree = "<group>"; };
		1D7CC63F2F014CC300FAD66D /* ContentView.swift */ = {isa = PBXFileReference; lastKnownFileType = sourcecode.swift; path = ContentView.swift; sourceTree = "<group>"; };
		1D7CC6402F014CC300FAD66D /* HouseMenu.swift */ = {isa = PBXFileReference; lastKnownFileType = sourcecode.swift; path = HouseMenu.swift; sourceTree = "<group>"; };
		1D7CC6412F014CC300FAD66D /* HouseSettingsPage.swift */ = {isa = PBXFileReference; lastKnownFileType = sourcecode.swift; path = HouseSettingsPage.swift; sourceTree = "<group>"; };
		1D7CC6422F014CC300FAD66D /* Info.plist */ = {isa = PBXFileReference; lastKnownFileType = text.plist.xml; path = Info.plist; sourceTree = "<group>"; };
		1D7CC6432F014CC300FAD66D /* en */ = {isa = PBXFileReference; lastKnownFileType = text.plist.strings; name = en; path = en.lproj/Localizable.strings; sourceTree = "<group>"; };
		1D7CC6462F014CC300FAD66D /* MotivationApp.swift */ = {isa = PBXFileReference; lastKnownFileType = sourcecode.swift; path = MotivationApp.swift; sourceTree = "<group>"; };
		1D7CC6472F014CC300FAD66D /* NotifManager.swift */ = {isa = PBXFileReference; lastKnownFileType = sourcecode.swift; path = NotifManager.swift; sourceTree = "<group>"; };
		1D7CC6482F014CC300FAD66D /* QuoteLibrary.swift */ = {isa = PBXFileReference; lastKnownFileType = sourcecode.swift; path = QuoteLibrary.swift; sourceTree = "<group>"; };
		1D7CC6492F014CC300FAD66D /* Quotes365.swift */ = {isa = PBXFileReference; lastKnownFileType = sourcecode.swift; path = Quotes365.swift; sourceTree = "<group>"; };
		1DC0AEC22F0842DF00790DED /* TestScreen.swift */ = {isa = PBXFileReference; lastKnownFileType = sourcecode.swift; path = TestScreen.swift; sourceTree = "<group>"; };
		1DFA7C1A2F0410F000A1D6E5 /* build_ipa.sh */ = {isa = PBXFileReference; lastKnownFileType = text.script.sh; path = build_ipa.sh; sourceTree = "<group>"; };
		1DFA7C1C2F0415BE00A1D6E5 /* ExportOptions.plist */ = {isa = PBXFileReference; lastKnownFileType = text.plist.xml; path = ExportOptions.plist; sourceTree = "<group>"; };
		1DFA7C1E2F04193900A1D6E5 /* build_final.sh */ = {isa = PBXFileReference; lastKnownFileType = text.script.sh; path = build_final.sh; sourceTree = "<group>"; };
		1DFA7C202F041F9600A1D6E5 /* Motivation.entitlements */ = {isa = PBXFileReference; lastKnownFileType = text.plist.entitlements; path = Motivation.entitlements; sourceTree = "<group>"; };
		1DFA7C232F0425F700A1D6E5 /* PrivacyInfo.xcprivacy */ = {isa = PBXFileReference; lastKnownFileType = text.xml; path = PrivacyInfo.xcprivacy; sourceTree = "<group>"; };
		1DFA7C2A2F0449D200A1D6E5 /* es */ = {isa = PBXFileReference; lastKnownFileType = text.plist.strings; name = es; path = es.lproj/Localizable.strings; sourceTree = "<group>"; };
/* End PBXFileReference section */

/* Begin PBXFileSystemSynchronizedBuildFileExceptionSet section */
		1D5820662F0709DB005CB6CF /* Exceptions for "Resourses" folder in "Motivation" target */ = {
			isa = PBXFileSystemSynchronizedBuildFileExceptionSet;
			membershipExceptions = (
				"ai animation Flow 1.json",
				Assets.xcassets,
				BackDarkCircles.json,
				BackLightMolido.json,
				BackWave.json,
				BackWitcher.mp3,
				batman.json,
				batman2.json,
				Books.json,
				DarkBackLottie.json,
				Desk.json,
				"Filling container.json",
				"Girl with books.json",
				GymBro.json,
				"Japan Flow.json",
				"Japanese fans.json",
				LightBack2.json,
				LightBack3.json,
				LightBackLottie.json,
				Loading.json,
				"Meditation Skull.json",
				Menorah.json,
				MessageSent.json,
				MeteorBack.json,
				Ninjato.json,
				SciFiBack.json,
				"Time Management.json",
				"Walking Broccoli.json",
			);
			target = 1D6E581A2E919F1900E6B841 /* Motivation */;
		};
		1D5820672F0709DB005CB6CF /* Exceptions for "Resourses" folder in "MotivationTests" target */ = {
			isa = PBXFileSystemSynchronizedBuildFileExceptionSet;
			membershipExceptions = (
				"ai animation Flow 1.json",
				Assets.xcassets,
				BackDarkCircles.json,
				BackLightMolido.json,
				BackWave.json,
				BackWitcher.mp3,
				batman.json,
				batman2.json,
				Books.json,
				DarkBackLottie.json,
				Desk.json,
				"Filling container.json",
				"Girl with books.json",
				GymBro.json,
				"Japan Flow.json",
				"Japanese fans.json",
				LightBack2.json,
				LightBack3.json,
				LightBackLottie.json,
				Loading.json,
				"Meditation Skull.json",
				Menorah.json,
				MessageSent.json,
				MeteorBack.json,
				Ninjato.json,
				SciFiBack.json,
				"Time Management.json",
				"Walking Broccoli.json",
			);
			target = 1D6E58272E919F1B00E6B841 /* MotivationTests */;
		};
/* End PBXFileSystemSynchronizedBuildFileExceptionSet section */

/* Begin PBXFileSystemSynchronizedRootGroup section */
		1D5820652F0709D2005CB6CF /* Resourses */ = {
			isa = PBXFileSystemSynchronizedRootGroup;
			exceptions = (
				1D5820662F0709DB005CB6CF /* Exceptions for "Resourses" folder in "Motivation" target */,
				1D5820672F0709DB005CB6CF /* Exceptions for "Resourses" folder in "MotivationTests" target */,
			);
			path = Resourses;
			sourceTree = "<group>";
		};
		1D6E582B2E919F1B00E6B841 /* MotivationTests */ = {
			isa = PBXFileSystemSynchronizedRootGroup;
			path = MotivationTests;
			sourceTree = "<group>";
		};
		1D6E58352E919F1B00E6B841 /* MotivationUITests */ = {
			isa = PBXFileSystemSynchronizedRootGroup;
			path = MotivationUITests;
			sourceTree = "<group>";
		};
/* End PBXFileSystemSynchronizedRootGroup section */

/* Begin PBXFrameworksBuildPhase section */
		1D6E58182E919F1900E6B841 /* Frameworks */ = {
			isa = PBXFrameworksBuildPhase;
			buildActionMask = 2147483647;
			files = (
				1D9FEFBE2F01A4BE009C6612 /* FirebaseMessaging in Frameworks */,
				1D4803692EFA14820063C486 /* FirebaseAnalytics in Frameworks */,
				1D9FEFBC2F01A442009C6612 /* FirebaseCore in Frameworks */,
				1D9FEFC02F01A4CE009C6612 /* FirebaseAppCheck in Frameworks */,
				1D48036B2EFA14820063C486 /* FirebaseCrashlytics in Frameworks */,
				1D4BD70E2F08294C00F44D07 /* Lottie in Frameworks */,
			);
			runOnlyForDeploymentPostprocessing = 0;
		};
		1D6E58252E919F1B00E6B841 /* Frameworks */ = {
			isa = PBXFrameworksBuildPhase;
			buildActionMask = 2147483647;
			files = (
			);
			runOnlyForDeploymentPostprocessing = 0;
		};
		1D6E582F2E919F1B00E6B841 /* Frameworks */ = {
			isa = PBXFrameworksBuildPhase;
			buildActionMask = 2147483647;
			files = (
			);
			runOnlyForDeploymentPostprocessing = 0;
		};
/* End PBXFrameworksBuildPhase section */

/* Begin PBXGroup section */
		1D6E58122E919F1900E6B841 = {
			isa = PBXGroup;
			children = (
				1D5820652F0709D2005CB6CF /* Resourses */,
				1D7CC64A2F014CC300FAD66D /* Motivation */,
				1D6E582B2E919F1B00E6B841 /* MotivationTests */,
				1D6E58352E919F1B00E6B841 /* MotivationUITests */,
				1D9FEFBA2F01A42F009C6612 /* Frameworks */,
				1D6E581C2E919F1900E6B841 /* Products */,
			);
			sourceTree = "<group>";
		};
		1D6E581C2E919F1900E6B841 /* Products */ = {
			isa = PBXGroup;
			children = (
				1D6E581B2E919F1900E6B841 /* Motivation.app */,
				1D6E58282E919F1B00E6B841 /* MotivationTests.xctest */,
				1D6E58322E919F1B00E6B841 /* MotivationUITests.xctest */,
			);
			name = Products;
			sourceTree = "<group>";
		};
		1D7CC64A2F014CC300FAD66D /* Motivation */ = {
			isa = PBXGroup;
			children = (
				1D7971BC2F06AF0300912FFA /* WistomSourses.swift */,
				1DFA7C202F041F9600A1D6E5 /* Motivation.entitlements */,
				1DFA7C1E2F04193900A1D6E5 /* build_final.sh */,
				1D7CC63D2F014CC300FAD66D /* AudioManager.swift */,
				1D7CC63F2F014CC300FAD66D /* ContentView.swift */,
				1D7CC6402F014CC300FAD66D /* HouseMenu.swift */,
				1D7CC6412F014CC300FAD66D /* HouseSettingsPage.swift */,
				1D7CC6422F014CC300FAD66D /* Info.plist */,
				1D7CC6452F014CC300FAD66D /* Localizable.strings */,
				1D7CC6462F014CC300FAD66D /* MotivationApp.swift */,
				1D7CC6472F014CC300FAD66D /* NotifManager.swift */,
				1D7CC6482F014CC300FAD66D /* QuoteLibrary.swift */,
				1D7CC6492F014CC300FAD66D /* Quotes365.swift */,
				1D0F3ED22F0DB807002B6F25 /* QuotesLong.swift */,
				1DFA7C1A2F0410F000A1D6E5 /* build_ipa.sh */,
				1DFA7C1C2F0415BE00A1D6E5 /* ExportOptions.plist */,
				1DFA7C232F0425F700A1D6E5 /* PrivacyInfo.xcprivacy */,
				1DC0AEC22F0842DF00790DED /* TestScreen.swift */,
				1D514E212F0C4A9D008A7B78 /* ChallengesView.swift */,
				1D0F3EC02F0D42C4002B6F25 /* TrackView.swift */,
				1D0F3EC22F0D42CA002B6F25 /* GoalsView.swift */,
			);
			path = Motivation;
			sourceTree = "<group>";
		};
		1D9FEFBA2F01A42F009C6612 /* Frameworks */ = {
			isa = PBXGroup;
			children = (
			);
			name = Frameworks;
			sourceTree = "<group>";
		};
/* End PBXGroup section */

/* Begin PBXNativeTarget section */
		1D6E581A2E919F1900E6B841 /* Motivation */ = {
			isa = PBXNativeTarget;
			buildConfigurationList = 1D6E583C2E919F1B00E6B841 /* Build configuration list for PBXNativeTarget "Motivation" */;
			buildPhases = (
				1D6E58172E919F1900E6B841 /* Sources */,
				1D6E58182E919F1900E6B841 /* Frameworks */,
				1D6E58192E919F1900E6B841 /* Resources */,
			);
			buildRules = (
			);
			dependencies = (
			);
			name = Motivation;
			packageProductDependencies = (
				1D4803682EFA14820063C486 /* FirebaseAnalytics */,
				1D48036A2EFA14820063C486 /* FirebaseCrashlytics */,
				1D9FEFBB2F01A442009C6612 /* FirebaseCore */,
				1D9FEFBD2F01A4BE009C6612 /* FirebaseMessaging */,
				1D9FEFBF2F01A4CE009C6612 /* FirebaseAppCheck */,
				1D4BD70D2F08294C00F44D07 /* Lottie */,
			);
			productName = Motivation;
			productReference = 1D6E581B2E919F1900E6B841 /* Motivation.app */;
			productType = "com.apple.product-type.application";
		};
		1D6E58272E919F1B00E6B841 /* MotivationTests */ = {
			isa = PBXNativeTarget;
			buildConfigurationList = 1D6E583F2E919F1B00E6B841 /* Build configuration list for PBXNativeTarget "MotivationTests" */;
			buildPhases = (
				1D6E58242E919F1B00E6B841 /* Sources */,
				1D6E58252E919F1B00E6B841 /* Frameworks */,
				1D6E58262E919F1B00E6B841 /* Resources */,
			);
			buildRules = (
			);
			dependencies = (
				1D6E582A2E919F1B00E6B841 /* PBXTargetDependency */,
			);
			fileSystemSynchronizedGroups = (
				1D5820652F0709D2005CB6CF /* Resourses */,
				1D6E582B2E919F1B00E6B841 /* MotivationTests */,
			);
			name = MotivationTests;
			packageProductDependencies = (
			);
			productName = MotivationTests;
			productReference = 1D6E58282E919F1B00E6B841 /* MotivationTests.xctest */;
			productType = "com.apple.product-type.bundle.unit-test";
		};
		1D6E58312E919F1B00E6B841 /* MotivationUITests */ = {
			isa = PBXNativeTarget;
			buildConfigurationList = 1D6E58422E919F1B00E6B841 /* Build configuration list for PBXNativeTarget "MotivationUITests" */;
			buildPhases = (
				1D6E582E2E919F1B00E6B841 /* Sources */,
				1D6E582F2E919F1B00E6B841 /* Frameworks */,
				1D6E58302E919F1B00E6B841 /* Resources */,
			);
			buildRules = (
			);
			dependencies = (
				1D6E58342E919F1B00E6B841 /* PBXTargetDependency */,
			);
			fileSystemSynchronizedGroups = (
				1D6E58352E919F1B00E6B841 /* MotivationUITests */,
			);
			name = MotivationUITests;
			packageProductDependencies = (
			);
			productName = MotivationUITests;
			productReference = 1D6E58322E919F1B00E6B841 /* MotivationUITests.xctest */;
			productType = "com.apple.product-type.bundle.ui-testing";
		};
/* End PBXNativeTarget section */

/* Begin PBXProject section */
		1D6E58132E919F1900E6B841 /* Project object */ = {
			isa = PBXProject;
			attributes = {
				BuildIndependentTargetsInParallel = 1;
				LastSwiftUpdateCheck = 2600;
				LastUpgradeCheck = 2620;
				TargetAttributes = {
					1D6E581A2E919F1900E6B841 = {
						CreatedOnToolsVersion = 26.0.1;
					};
					1D6E58272E919F1B00E6B841 = {
						CreatedOnToolsVersion = 26.0.1;
						TestTargetID = 1D6E581A2E919F1900E6B841;
					};
					1D6E58312E919F1B00E6B841 = {
						CreatedOnToolsVersion = 26.0.1;
						TestTargetID = 1D6E581A2E919F1900E6B841;
					};
				};
			};
			buildConfigurationList = 1D6E58162E919F1900E6B841 /* Build configuration list for PBXProject "Motivation" */;
			developmentRegion = en;
			hasScannedForEncodings = 0;
			knownRegions = (
				en,
				Base,
				es,
				fr,
			);
			mainGroup = 1D6E58122E919F1900E6B841;
			minimizedProjectReferenceProxies = 1;
			packageReferences = (
				1D4803672EFA14820063C486 /* XCRemoteSwiftPackageReference "firebase-ios-sdk" */,
				1D4BD70C2F08294C00F44D07 /* XCRemoteSwiftPackageReference "lottie-ios" */,
			);
			preferredProjectObjectVersion = 77;
			productRefGroup = 1D6E581C2E919F1900E6B841 /* Products */;
			projectDirPath = "";
			projectRoot = "";
			targets = (
				1D6E581A2E919F1900E6B841 /* Motivation */,
				1D6E58272E919F1B00E6B841 /* MotivationTests */,
				1D6E58312E919F1B00E6B841 /* MotivationUITests */,
			);
		};
/* End PBXProject section */

/* Begin PBXResourcesBuildPhase section */
		1D6E58192E919F1900E6B841 /* Resources */ = {
			isa = PBXResourcesBuildPhase;
			buildActionMask = 2147483647;
			files = (
				1DFA7C242F0425F800A1D6E5 /* PrivacyInfo.xcprivacy in Resources */,
				1DFA7C1D2F0415BE00A1D6E5 /* ExportOptions.plist in Resources */,
				1D7CC6562F014CC400FAD66D /* Localizable.strings in Resources */,
			);
			runOnlyForDeploymentPostprocessing = 0;
		};
		1D6E58262E919F1B00E6B841 /* Resources */ = {
			isa = PBXResourcesBuildPhase;
			buildActionMask = 2147483647;
			files = (
			);
			runOnlyForDeploymentPostprocessing = 0;
		};
		1D6E58302E919F1B00E6B841 /* Resources */ = {
			isa = PBXResourcesBuildPhase;
			buildActionMask = 2147483647;
			files = (
			);
			runOnlyForDeploymentPostprocessing = 0;
		};
/* End PBXResourcesBuildPhase section */

/* Begin PBXSourcesBuildPhase section */
		1D6E58172E919F1900E6B841 /* Sources */ = {
			isa = PBXSourcesBuildPhase;
			buildActionMask = 2147483647;
			files = (
				1D7CC64B2F014CC400FAD66D /* QuoteLibrary.swift in Sources */,
				1DFA7C1F2F04194C00A1D6E5 /* build_final.sh in Sources */,
				1D0F3EC12F0D42C5002B6F25 /* TrackView.swift in Sources */,
				1D7CC64C2F014CC400FAD66D /* Quotes365.swift in Sources */,
				1DC0AEC32F0842DF00790DED /* TestScreen.swift in Sources */,
				1D7CC64D2F014CC400FAD66D /* MotivationApp.swift in Sources */,
				1D7CC64E2F014CC400FAD66D /* AudioManager.swift in Sources */,
				1D7971BD2F06AF1500912FFA /* WistomSourses.swift in Sources */,
				1DFA7C222F041F9600A1D6E5 /* Motivation.entitlements in Sources */,
				1D7CC64F2F014CC400FAD66D /* ContentView.swift in Sources */,
				1D7CC6502F014CC400FAD66D /* HouseSettingsPage.swift in Sources */,
				1D7CC6512F014CC400FAD66D /* NotifManager.swift in Sources */,
				1D0F3ED32F0DB807002B6F25 /* QuotesLong.swift in Sources */,
				1D7CC6522F014CC400FAD66D /* HouseMenu.swift in Sources */,
				1D0F3EC32F0D42CA002B6F25 /* GoalsView.swift in Sources */,
				1D514E222F0C4A9D008A7B78 /* ChallengesView.swift in Sources */,
			);
			runOnlyForDeploymentPostprocessing = 0;
		};
		1D6E58242E919F1B00E6B841 /* Sources */ = {
			isa = PBXSourcesBuildPhase;
			buildActionMask = 2147483647;
			files = (
				1DFA7C212F041F9600A1D6E5 /* Motivation.entitlements in Sources */,
			);
			runOnlyForDeploymentPostprocessing = 0;
		};
		1D6E582E2E919F1B00E6B841 /* Sources */ = {
			isa = PBXSourcesBuildPhase;
			buildActionMask = 2147483647;
			files = (
			);
			runOnlyForDeploymentPostprocessing = 0;
		};
/* End PBXSourcesBuildPhase section */

/* Begin PBXTargetDependency section */
		1D6E582A2E919F1B00E6B841 /* PBXTargetDependency */ = {
			isa = PBXTargetDependency;
			target = 1D6E581A2E919F1900E6B841 /* Motivation */;
			targetProxy = 1D6E58292E919F1B00E6B841 /* PBXContainerItemProxy */;
		};
		1D6E58342E919F1B00E6B841 /* PBXTargetDependency */ = {
			isa = PBXTargetDependency;
			target = 1D6E581A2E919F1900E6B841 /* Motivation */;
			targetProxy = 1D6E58332E919F1B00E6B841 /* PBXContainerItemProxy */;
		};
/* End PBXTargetDependency section */

/* Begin PBXVariantGroup section */
		1D7CC6452F014CC300FAD66D /* Localizable.strings */ = {
			isa = PBXVariantGroup;
			children = (
				1D7CC6432F014CC300FAD66D /* en */,
				1DFA7C2A2F0449D200A1D6E5 /* es */,
				1D7971BB2F06905B00912FFA /* fr */,
			);
			name = Localizable.strings;
			sourceTree = "<group>";
		};
/* End PBXVariantGroup section */

/* Begin XCBuildConfiguration section */
		1D6E583A2E919F1B00E6B841 /* Debug */ = {
			isa = XCBuildConfiguration;
			buildSettings = {
				ALWAYS_SEARCH_USER_PATHS = NO;
				ASSETCATALOG_COMPILER_GENERATE_SWIFT_ASSET_SYMBOL_EXTENSIONS = YES;
				CLANG_ANALYZER_LOCALIZABILITY_NONLOCALIZED = YES;
				CLANG_ANALYZER_NONNULL = YES;
				CLANG_ANALYZER_NUMBER_OBJECT_CONVERSION = YES_AGGRESSIVE;
				CLANG_CXX_LANGUAGE_STANDARD = "gnu++20";
				CLANG_ENABLE_MODULES = YES;
				CLANG_ENABLE_OBJC_ARC = YES;
				CLANG_ENABLE_OBJC_WEAK = YES;
				CLANG_WARN_BLOCK_CAPTURE_AUTORELEASING = YES;
				CLANG_WARN_BOOL_CONVERSION = YES;
				CLANG_WARN_COMMA = YES;
				CLANG_WARN_CONSTANT_CONVERSION = YES;
				CLANG_WARN_DEPRECATED_OBJC_IMPLEMENTATIONS = YES;
				CLANG_WARN_DIRECT_OBJC_ISA_USAGE = YES_ERROR;
				CLANG_WARN_DOCUMENTATION_COMMENTS = YES;
				CLANG_WARN_EMPTY_BODY = YES;
				CLANG_WARN_ENUM_CONVERSION = YES;
				CLANG_WARN_INFINITE_RECURSION = YES;
				CLANG_WARN_INT_CONVERSION = YES;
				CLANG_WARN_NON_LITERAL_NULL_CONVERSION = YES;
				CLANG_WARN_OBJC_IMPLICIT_RETAIN_SELF = YES;
				CLANG_WARN_OBJC_LITERAL_CONVERSION = YES;
				CLANG_WARN_OBJC_ROOT_CLASS = YES_ERROR;
				CLANG_WARN_QUOTED_INCLUDE_IN_FRAMEWORK_HEADER = YES;
				CLANG_WARN_RANGE_LOOP_ANALYSIS = YES;
				CLANG_WARN_STRICT_PROTOTYPES = YES;
				CLANG_WARN_SUSPICIOUS_MOVE = YES;
				CLANG_WARN_UNGUARDED_AVAILABILITY = YES_AGGRESSIVE;
				CLANG_WARN_UNREACHABLE_CODE = YES;
				CLANG_WARN__DUPLICATE_METHOD_MATCH = YES;
				COPY_PHASE_STRIP = NO;
				DEBUG_INFORMATION_FORMAT = dwarf;
				ENABLE_STRICT_OBJC_MSGSEND = YES;
				ENABLE_TESTABILITY = YES;
				ENABLE_USER_SCRIPT_SANDBOXING = YES;
				GCC_C_LANGUAGE_STANDARD = gnu17;
				GCC_DYNAMIC_NO_PIC = NO;
				GCC_NO_COMMON_BLOCKS = YES;
				GCC_OPTIMIZATION_LEVEL = 0;
				GCC_PREPROCESSOR_DEFINITIONS = (
					"DEBUG=1",
					"$(inherited)",
				);
				GCC_WARN_64_TO_32_BIT_CONVERSION = YES;
				GCC_WARN_ABOUT_RETURN_TYPE = YES_ERROR;
				GCC_WARN_UNDECLARED_SELECTOR = YES;
				GCC_WARN_UNINITIALIZED_AUTOS = YES_AGGRESSIVE;
				GCC_WARN_UNUSED_FUNCTION = YES;
				GCC_WARN_UNUSED_VARIABLE = YES;
				IPHONEOS_DEPLOYMENT_TARGET = 26.0;
				LOCALIZATION_PREFERS_STRING_CATALOGS = YES;
				MTL_ENABLE_DEBUG_INFO = INCLUDE_SOURCE;
				MTL_FAST_MATH = YES;
				ONLY_ACTIVE_ARCH = YES;
				SDKROOT = iphoneos;
				STRING_CATALOG_GENERATE_SYMBOLS = YES;
				SWIFT_ACTIVE_COMPILATION_CONDITIONS = "DEBUG $(inherited)";
				SWIFT_EMIT_LOC_STRINGS = YES;
				SWIFT_OPTIMIZATION_LEVEL = "-Onone";
			};
			name = Debug;
		};
		1D6E583B2E919F1B00E6B841 /* Release */ = {
			isa = XCBuildConfiguration;
			buildSettings = {
				ALWAYS_SEARCH_USER_PATHS = NO;
				ASSETCATALOG_COMPILER_GENERATE_SWIFT_ASSET_SYMBOL_EXTENSIONS = YES;
				CLANG_ANALYZER_LOCALIZABILITY_NONLOCALIZED = YES;
				CLANG_ANALYZER_NONNULL = YES;
				CLANG_ANALYZER_NUMBER_OBJECT_CONVERSION = YES_AGGRESSIVE;
				CLANG_CXX_LANGUAGE_STANDARD = "gnu++20";
				CLANG_ENABLE_MODULES = YES;
				CLANG_ENABLE_OBJC_ARC = YES;
				CLANG_ENABLE_OBJC_WEAK = YES;
				CLANG_WARN_BLOCK_CAPTURE_AUTORELEASING = YES;
				CLANG_WARN_BOOL_CONVERSION = YES;
				CLANG_WARN_COMMA = YES;
				CLANG_WARN_CONSTANT_CONVERSION = YES;
				CLANG_WARN_DEPRECATED_OBJC_IMPLEMENTATIONS = YES;
				CLANG_WARN_DIRECT_OBJC_ISA_USAGE = YES_ERROR;
				CLANG_WARN_DOCUMENTATION_COMMENTS = YES;
				CLANG_WARN_EMPTY_BODY = YES;
				CLANG_WARN_ENUM_CONVERSION = YES;
				CLANG_WARN_INFINITE_RECURSION = YES;
				CLANG_WARN_INT_CONVERSION = YES;
				CLANG_WARN_NON_LITERAL_NULL_CONVERSION = YES;
				CLANG_WARN_OBJC_IMPLICIT_RETAIN_SELF = YES;
				CLANG_WARN_OBJC_LITERAL_CONVERSION = YES;
				CLANG_WARN_OBJC_ROOT_CLASS = YES_ERROR;
				CLANG_WARN_QUOTED_INCLUDE_IN_FRAMEWORK_HEADER = YES;
				CLANG_WARN_RANGE_LOOP_ANALYSIS = YES;
				CLANG_WARN_STRICT_PROTOTYPES = YES;
				CLANG_WARN_SUSPICIOUS_MOVE = YES;
				CLANG_WARN_UNGUARDED_AVAILABILITY = YES_AGGRESSIVE;
				CLANG_WARN_UNREACHABLE_CODE = YES;
				CLANG_WARN__DUPLICATE_METHOD_MATCH = YES;
				COPY_PHASE_STRIP = NO;
				DEBUG_INFORMATION_FORMAT = "dwarf-with-dsym";
				ENABLE_NS_ASSERTIONS = NO;
				ENABLE_STRICT_OBJC_MSGSEND = YES;
				ENABLE_USER_SCRIPT_SANDBOXING = YES;
				GCC_C_LANGUAGE_STANDARD = gnu17;
				GCC_NO_COMMON_BLOCKS = YES;
				GCC_WARN_64_TO_32_BIT_CONVERSION = YES;
				GCC_WARN_ABOUT_RETURN_TYPE = YES_ERROR;
				GCC_WARN_UNDECLARED_SELECTOR = YES;
				GCC_WARN_UNINITIALIZED_AUTOS = YES_AGGRESSIVE;
				GCC_WARN_UNUSED_FUNCTION = YES;
				GCC_WARN_UNUSED_VARIABLE = YES;
				IPHONEOS_DEPLOYMENT_TARGET = 26.0;
				LOCALIZATION_PREFERS_STRING_CATALOGS = YES;
				MTL_ENABLE_DEBUG_INFO = NO;
				MTL_FAST_MATH = YES;
				SDKROOT = iphoneos;
				STRING_CATALOG_GENERATE_SYMBOLS = YES;
				SWIFT_COMPILATION_MODE = wholemodule;
				SWIFT_EMIT_LOC_STRINGS = YES;
				VALIDATE_PRODUCT = YES;
			};
			name = Release;
		};
		1D6E583D2E919F1B00E6B841 /* Debug */ = {
			isa = XCBuildConfiguration;
			buildSettings = {
				ASSETCATALOG_COMPILER_APPICON_NAME = AppIcon;
				ASSETCATALOG_COMPILER_GLOBAL_ACCENT_COLOR_NAME = AccentColor;
				CODE_SIGN_STYLE = Automatic;
				CURRENT_PROJECT_VERSION = 1;
				DEVELOPMENT_TEAM = QPGAAW2VT2;
				ENABLE_PREVIEWS = YES;
				GENERATE_INFOPLIST_FILE = NO;
				INFOPLIST_FILE = "$(SRCROOT)/Motivation/Info.plist";
				INFOPLIST_KEY_LSApplicationCategoryType = "";
				INFOPLIST_KEY_UIApplicationSceneManifest_Generation = YES;
				INFOPLIST_KEY_UIApplicationSupportsIndirectInputEvents = YES;
				INFOPLIST_KEY_UILaunchScreen_Generation = YES;
				INFOPLIST_KEY_UISupportedInterfaceOrientations_iPad = "UIInterfaceOrientationPortrait UIInterfaceOrientationPortraitUpsideDown UIInterfaceOrientationLandscapeLeft UIInterfaceOrientationLandscapeRight";
				INFOPLIST_KEY_UISupportedInterfaceOrientations_iPhone = "UIInterfaceOrientationPortrait UIInterfaceOrientationLandscapeLeft UIInterfaceOrientationLandscapeRight";
				LD_RUNPATH_SEARCH_PATHS = (
					"$(inherited)",
					"@executable_path/Frameworks",
				);
				MARKETING_VERSION = 1.0;
				PRODUCT_BUNDLE_IDENTIFIER = Leonardo.Motivation;
				PRODUCT_NAME = "$(TARGET_NAME)";
				STRING_CATALOG_GENERATE_SYMBOLS = YES;
				SWIFT_APPROACHABLE_CONCURRENCY = YES;
				SWIFT_DEFAULT_ACTOR_ISOLATION = MainActor;
				SWIFT_EMIT_LOC_STRINGS = YES;
				SWIFT_UPCOMING_FEATURE_MEMBER_IMPORT_VISIBILITY = YES;
				SWIFT_VERSION = 5.0;
				TARGETED_DEVICE_FAMILY = "1,2";
			};
			name = Debug;
		};
		1D6E583E2E919F1B00E6B841 /* Release */ = {
			isa = XCBuildConfiguration;
			buildSettings = {
				ASSETCATALOG_COMPILER_APPICON_NAME = AppIcon;
				ASSETCATALOG_COMPILER_GLOBAL_ACCENT_COLOR_NAME = AccentColor;
				CODE_SIGN_STYLE = Automatic;
				CURRENT_PROJECT_VERSION = 1;
				DEVELOPMENT_TEAM = QPGAAW2VT2;
				ENABLE_PREVIEWS = YES;
				GENERATE_INFOPLIST_FILE = NO;
				INFOPLIST_FILE = "$(SRCROOT)/Motivation/Info.plist";
				INFOPLIST_KEY_LSApplicationCategoryType = "";
				INFOPLIST_KEY_UIApplicationSceneManifest_Generation = YES;
				INFOPLIST_KEY_UIApplicationSupportsIndirectInputEvents = YES;
				INFOPLIST_KEY_UILaunchScreen_Generation = YES;
				INFOPLIST_KEY_UISupportedInterfaceOrientations_iPad = "UIInterfaceOrientationPortrait UIInterfaceOrientationPortraitUpsideDown UIInterfaceOrientationLandscapeLeft UIInterfaceOrientationLandscapeRight";
				INFOPLIST_KEY_UISupportedInterfaceOrientations_iPhone = "UIInterfaceOrientationPortrait UIInterfaceOrientationLandscapeLeft UIInterfaceOrientationLandscapeRight";
				LD_RUNPATH_SEARCH_PATHS = (
					"$(inherited)",
					"@executable_path/Frameworks",
				);
				MARKETING_VERSION = 1.0;
				PRODUCT_BUNDLE_IDENTIFIER = Leonardo.Motivation;
				PRODUCT_NAME = "$(TARGET_NAME)";
				STRING_CATALOG_GENERATE_SYMBOLS = YES;
				SWIFT_APPROACHABLE_CONCURRENCY = YES;
				SWIFT_DEFAULT_ACTOR_ISOLATION = MainActor;
				SWIFT_EMIT_LOC_STRINGS = YES;
				SWIFT_UPCOMING_FEATURE_MEMBER_IMPORT_VISIBILITY = YES;
				SWIFT_VERSION = 5.0;
				TARGETED_DEVICE_FAMILY = "1,2";
			};
			name = Release;
		};
		1D6E58402E919F1B00E6B841 /* Debug */ = {
			isa = XCBuildConfiguration;
			buildSettings = {
				BUNDLE_LOADER = "$(TEST_HOST)";
				CODE_SIGN_STYLE = Automatic;
				CURRENT_PROJECT_VERSION = 1;
				GENERATE_INFOPLIST_FILE = NO;
				INFOPLIST_FILE = "$(SRCROOT)/MotivationTests/MotivationTests-info.plist";
				IPHONEOS_DEPLOYMENT_TARGET = 26.0;
				MARKETING_VERSION = 1.0;
				PRODUCT_BUNDLE_IDENTIFIER = Leonardo.MotivationTests;
				PRODUCT_NAME = "$(TARGET_NAME)";
				STRING_CATALOG_GENERATE_SYMBOLS = NO;
				SWIFT_APPROACHABLE_CONCURRENCY = YES;
				SWIFT_EMIT_LOC_STRINGS = NO;
				SWIFT_UPCOMING_FEATURE_MEMBER_IMPORT_VISIBILITY = YES;
				SWIFT_VERSION = 5.0;
				TARGETED_DEVICE_FAMILY = "1,2";
				TEST_HOST = "$(BUILT_PRODUCTS_DIR)/Motivation.app/$(BUNDLE_EXECUTABLE_FOLDER_PATH)/Motivation";
			};
			name = Debug;
		};
		1D6E58412E919F1B00E6B841 /* Release */ = {
			isa = XCBuildConfiguration;
			buildSettings = {
				BUNDLE_LOADER = "$(TEST_HOST)";
				CODE_SIGN_STYLE = Automatic;
				CURRENT_PROJECT_VERSION = 1;
				GENERATE_INFOPLIST_FILE = NO;
				INFOPLIST_FILE = "$(SRCROOT)/MotivationTests/MotivationTests-info.plist";
				IPHONEOS_DEPLOYMENT_TARGET = 26.0;
				MARKETING_VERSION = 1.0;
				PRODUCT_BUNDLE_IDENTIFIER = Leonardo.MotivationTests;
				PRODUCT_NAME = "$(TARGET_NAME)";
				STRING_CATALOG_GENERATE_SYMBOLS = NO;
				SWIFT_APPROACHABLE_CONCURRENCY = YES;
				SWIFT_EMIT_LOC_STRINGS = NO;
				SWIFT_UPCOMING_FEATURE_MEMBER_IMPORT_VISIBILITY = YES;
				SWIFT_VERSION = 5.0;
				TARGETED_DEVICE_FAMILY = "1,2";
				TEST_HOST = "$(BUILT_PRODUCTS_DIR)/Motivation.app/$(BUNDLE_EXECUTABLE_FOLDER_PATH)/Motivation";
			};
			name = Release;
		};
		1D6E58432E919F1B00E6B841 /* Debug */ = {
			isa = XCBuildConfiguration;
			buildSettings = {
				CODE_SIGN_STYLE = Automatic;
				CURRENT_PROJECT_VERSION = 1;
				GENERATE_INFOPLIST_FILE = NO;
				INFOPLIST_FILE = "$(SRCROOT)/MotivationUITests/MotivationUITests-info.plist";
				MARKETING_VERSION = 1.0;
				PRODUCT_BUNDLE_IDENTIFIER = Leonardo.MotivationUITests;
				PRODUCT_NAME = "$(TARGET_NAME)";
				STRING_CATALOG_GENERATE_SYMBOLS = NO;
				SWIFT_APPROACHABLE_CONCURRENCY = YES;
				SWIFT_EMIT_LOC_STRINGS = NO;
				SWIFT_UPCOMING_FEATURE_MEMBER_IMPORT_VISIBILITY = YES;
				SWIFT_VERSION = 5.0;
				TARGETED_DEVICE_FAMILY = "1,2";
				TEST_TARGET_NAME = Motivation;
			};
			name = Debug;
		};
		1D6E58442E919F1B00E6B841 /* Release */ = {
			isa = XCBuildConfiguration;
			buildSettings = {
				CODE_SIGN_STYLE = Automatic;
				CURRENT_PROJECT_VERSION = 1;
				GENERATE_INFOPLIST_FILE = NO;
				INFOPLIST_FILE = "$(SRCROOT)/MotivationUITests/MotivationUITests-info.plist";
				MARKETING_VERSION = 1.0;
				PRODUCT_BUNDLE_IDENTIFIER = Leonardo.MotivationUITests;
				PRODUCT_NAME = "$(TARGET_NAME)";
				STRING_CATALOG_GENERATE_SYMBOLS = NO;
				SWIFT_APPROACHABLE_CONCURRENCY = YES;
				SWIFT_EMIT_LOC_STRINGS = NO;
				SWIFT_UPCOMING_FEATURE_MEMBER_IMPORT_VISIBILITY = YES;
				SWIFT_VERSION = 5.0;
				TARGETED_DEVICE_FAMILY = "1,2";
				TEST_TARGET_NAME = Motivation;
			};
			name = Release;
		};
/* End XCBuildConfiguration section */

/* Begin XCConfigurationList section */
		1D6E58162E919F1900E6B841 /* Build configuration list for PBXProject "Motivation" */ = {
			isa = XCConfigurationList;
			buildConfigurations = (
				1D6E583A2E919F1B00E6B841 /* Debug */,
				1D6E583B2E919F1B00E6B841 /* Release */,
			);
			defaultConfigurationIsVisible = 0;
			defaultConfigurationName = Release;
		};
		1D6E583C2E919F1B00E6B841 /* Build configuration list for PBXNativeTarget "Motivation" */ = {
			isa = XCConfigurationList;
			buildConfigurations = (
				1D6E583D2E919F1B00E6B841 /* Debug */,
				1D6E583E2E919F1B00E6B841 /* Release */,
			);
			defaultConfigurationIsVisible = 0;
			defaultConfigurationName = Release;
		};
		1D6E583F2E919F1B00E6B841 /* Build configuration list for PBXNativeTarget "MotivationTests" */ = {
			isa = XCConfigurationList;
			buildConfigurations = (
				1D6E58402E919F1B00E6B841 /* Debug */,
				1D6E58412E919F1B00E6B841 /* Release */,
			);
			defaultConfigurationIsVisible = 0;
			defaultConfigurationName = Release;
		};
		1D6E58422E919F1B00E6B841 /* Build configuration list for PBXNativeTarget "MotivationUITests" */ = {
			isa = XCConfigurationList;
			buildConfigurations = (
				1D6E58432E919F1B00E6B841 /* Debug */,
				1D6E58442E919F1B00E6B841 /* Release */,
			);
			defaultConfigurationIsVisible = 0;
			defaultConfigurationName = Release;
		};
/* End XCConfigurationList section */

/* Begin XCRemoteSwiftPackageReference section */
		1D4803672EFA14820063C486 /* XCRemoteSwiftPackageReference "firebase-ios-sdk" */ = {
			isa = XCRemoteSwiftPackageReference;
			repositoryURL = "https://github.com/firebase/firebase-ios-sdk.git";
			requirement = {
				kind = upToNextMajorVersion;
				minimumVersion = 12.7.0;
			};
		};
		1D4BD70C2F08294C00F44D07 /* XCRemoteSwiftPackageReference "lottie-ios" */ = {
			isa = XCRemoteSwiftPackageReference;
			repositoryURL = "https://github.com/airbnb/lottie-ios.git";
			requirement = {
				kind = upToNextMajorVersion;
				minimumVersion = 4.5.2;
			};
		};
/* End XCRemoteSwiftPackageReference section */

/* Begin XCSwiftPackageProductDependency section */
		1D4803682EFA14820063C486 /* FirebaseAnalytics */ = {
			isa = XCSwiftPackageProductDependency;
			package = 1D4803672EFA14820063C486 /* XCRemoteSwiftPackageReference "firebase-ios-sdk" */;
			productName = FirebaseAnalytics;
		};
		1D48036A2EFA14820063C486 /* FirebaseCrashlytics */ = {
			isa = XCSwiftPackageProductDependency;
			package = 1D4803672EFA14820063C486 /* XCRemoteSwiftPackageReference "firebase-ios-sdk" */;
			productName = FirebaseCrashlytics;
		};
		1D4BD70D2F08294C00F44D07 /* Lottie */ = {
			isa = XCSwiftPackageProductDependency;
			package = 1D4BD70C2F08294C00F44D07 /* XCRemoteSwiftPackageReference "lottie-ios" */;
			productName = Lottie;
		};
		1D9FEFBB2F01A442009C6612 /* FirebaseCore */ = {
			isa = XCSwiftPackageProductDependency;
			package = 1D4803672EFA14820063C486 /* XCRemoteSwiftPackageReference "firebase-ios-sdk" */;
			productName = FirebaseCore;
		};
		1D9FEFBD2F01A4BE009C6612 /* FirebaseMessaging */ = {
			isa = XCSwiftPackageProductDependency;
			package = 1D4803672EFA14820063C486 /* XCRemoteSwiftPackageReference "firebase-ios-sdk" */;
			productName = FirebaseMessaging;
		};
		1D9FEFBF2F01A4CE009C6612 /* FirebaseAppCheck */ = {
			isa = XCSwiftPackageProductDependency;
			package = 1D4803672EFA14820063C486 /* XCRemoteSwiftPackageReference "firebase-ios-sdk" */;
			productName = FirebaseAppCheck;
		};
/* End XCSwiftPackageProductDependency section */
	};
	rootObject = 1D6E58132E919F1900E6B841 /* Project object */;
}
